// !$*UTF8*$!
{
	archiveVersion = 1;
	classes = {
	};
	objectVersion = 46;
	objects = {

/* Begin PBXBuildFile section */
		676159771EB090B20022FC54 /* WHMovieComingSoonRequest.m in Sources */ = {isa = PBXBuildFile; fileRef = 676159761EB090B20022FC54 /* WHMovieComingSoonRequest.m */; };
		67B8817E1EACC4C300D87FF6 /* main.m in Sources */ = {isa = PBXBuildFile; fileRef = 67B8817D1EACC4C300D87FF6 /* main.m */; };
		67B881871EACC4C300D87FF6 /* SecondViewController.m in Sources */ = {isa = PBXBuildFile; fileRef = 67B881861EACC4C300D87FF6 /* SecondViewController.m */; };
		67B8818C1EACC4C300D87FF6 /* Assets.xcassets in Resources */ = {isa = PBXBuildFile; fileRef = 67B8818B1EACC4C300D87FF6 /* Assets.xcassets */; };
		67B8819A1EACC4C300D87FF6 /* MovieFanTests.m in Sources */ = {isa = PBXBuildFile; fileRef = 67B881991EACC4C300D87FF6 /* MovieFanTests.m */; };
		67B881A51EACC4C300D87FF6 /* MovieFanUITests.m in Sources */ = {isa = PBXBuildFile; fileRef = 67B881A41EACC4C300D87FF6 /* MovieFanUITests.m */; };
		67D06CF61EADEE2A00B91A86 /* WHRootWireframe.m in Sources */ = {isa = PBXBuildFile; fileRef = 67D06CF51EADEE2A00B91A86 /* WHRootWireframe.m */; };
		67D06CFA1EADF1C400B91A86 /* MovieFan-Info.plist in Resources */ = {isa = PBXBuildFile; fileRef = 67D06CF81EADF1C400B91A86 /* MovieFan-Info.plist */; };
		67D06CFF1EADF1DA00B91A86 /* WHAppDelegate.m in Sources */ = {isa = PBXBuildFile; fileRef = 67D06CFC1EADF1DA00B91A86 /* WHAppDelegate.m */; };
		67D06D001EADF1DA00B91A86 /* WHAppDependencies.m in Sources */ = {isa = PBXBuildFile; fileRef = 67D06CFE1EADF1DA00B91A86 /* WHAppDependencies.m */; };
		67D06D041EADF42900B91A86 /* WHMostRecentWireframe.m in Sources */ = {isa = PBXBuildFile; fileRef = 67D06D031EADF42900B91A86 /* WHMostRecentWireframe.m */; };
		67D06D071EADF48300B91A86 /* WHMostRecentPresenter.m in Sources */ = {isa = PBXBuildFile; fileRef = 67D06D061EADF48300B91A86 /* WHMostRecentPresenter.m */; };
		67D06D0A1EADF72600B91A86 /* WHMostRecentViewController.m in Sources */ = {isa = PBXBuildFile; fileRef = 67D06D091EADF72600B91A86 /* WHMostRecentViewController.m */; };
		67D06D0B1EADF90000B91A86 /* Main.storyboard in Resources */ = {isa = PBXBuildFile; fileRef = 67B881881EACC4C300D87FF6 /* Main.storyboard */; };
		67D06D0C1EADF90000B91A86 /* LaunchScreen.storyboard in Resources */ = {isa = PBXBuildFile; fileRef = 67B8818D1EACC4C300D87FF6 /* LaunchScreen.storyboard */; };
		67D06D0F1EADFCEB00B91A86 /* WHMostRecentDataManager.m in Sources */ = {isa = PBXBuildFile; fileRef = 67D06D0E1EADFCEB00B91A86 /* WHMostRecentDataManager.m */; };
		67D06D121EAEE8C200B91A86 /* WHMovieInThreaterRequest.m in Sources */ = {isa = PBXBuildFile; fileRef = 67D06D111EAEE8C200B91A86 /* WHMovieInThreaterRequest.m */; };
		67D06D151EAEF9FC00B91A86 /* WHRanking.m in Sources */ = {isa = PBXBuildFile; fileRef = 67D06D141EAEF9FC00B91A86 /* WHRanking.m */; };
		67D06D181EAF0EAC00B91A86 /* WHImages.m in Sources */ = {isa = PBXBuildFile; fileRef = 67D06D171EAF0EAC00B91A86 /* WHImages.m */; };
		67D06D1B1EAF113000B91A86 /* WHMovieSubject.m in Sources */ = {isa = PBXBuildFile; fileRef = 67D06D1A1EAF113000B91A86 /* WHMovieSubject.m */; };
		67D06D1E1EAF136E00B91A86 /* WHCelebrity.m in Sources */ = {isa = PBXBuildFile; fileRef = 67D06D1D1EAF136E00B91A86 /* WHCelebrity.m */; };
		67D06D211EAF16DB00B91A86 /* WHMostRecentMovies.m in Sources */ = {isa = PBXBuildFile; fileRef = 67D06D201EAF16DB00B91A86 /* WHMostRecentMovies.m */; };
		67D06D241EAF212B00B91A86 /* WHMostRecentInteractor.m in Sources */ = {isa = PBXBuildFile; fileRef = 67D06D231EAF212B00B91A86 /* WHMostRecentInteractor.m */; };
		67D06D271EAF22BD00B91A86 /* NSArray+HOM.m in Sources */ = {isa = PBXBuildFile; fileRef = 67D06D261EAF22BD00B91A86 /* NSArray+HOM.m */; };
		67D06D2C1EAF251A00B91A86 /* WHRealmDataStore.m in Sources */ = {isa = PBXBuildFile; fileRef = 67D06D2B1EAF251A00B91A86 /* WHRealmDataStore.m */; };
		67D06D331EAF4A4300B91A86 /* WHMovieSubjectCell.m in Sources */ = {isa = PBXBuildFile; fileRef = 67D06D321EAF4A4300B91A86 /* WHMovieSubjectCell.m */; };
		77BAF7FB7B332C4C1EB975E3 /* Pods_MovieFanTests.framework in Frameworks */ = {isa = PBXBuildFile; fileRef = 3CF4E51E89AB2CB7E78066DC /* Pods_MovieFanTests.framework */; };
		95AC4170A4D635D18D852780 /* Pods_MovieFan.framework in Frameworks */ = {isa = PBXBuildFile; fileRef = 37806A227D9394A381AC3102 /* Pods_MovieFan.framework */; };
		E9CA28072C8A500B8F00745C /* Pods_MovieFanUITests.framework in Frameworks */ = {isa = PBXBuildFile; fileRef = 0C8F753983977734944D2765 /* Pods_MovieFanUITests.framework */; };
/* End PBXBuildFile section */

/* Begin PBXContainerItemProxy section */
		67B881961EACC4C300D87FF6 /* PBXContainerItemProxy */ = {
			isa = PBXContainerItemProxy;
			containerPortal = 67B881711EACC4C300D87FF6 /* Project object */;
			proxyType = 1;
			remoteGlobalIDString = 67B881781EACC4C300D87FF6;
			remoteInfo = MovieFan;
		};
		67B881A11EACC4C300D87FF6 /* PBXContainerItemProxy */ = {
			isa = PBXContainerItemProxy;
			containerPortal = 67B881711EACC4C300D87FF6 /* Project object */;
			proxyType = 1;
			remoteGlobalIDString = 67B881781EACC4C300D87FF6;
			remoteInfo = MovieFan;
		};
/* End PBXContainerItemProxy section */

/* Begin PBXFileReference section */
		0C8F753983977734944D2765 /* Pods_MovieFanUITests.framework */ = {isa = PBXFileReference; explicitFileType = wrapper.framework; includeInIndex = 0; path = Pods_MovieFanUITests.framework; sourceTree = BUILT_PRODUCTS_DIR; };
		1547A848EE38F36443002FB1 /* Pods-MovieFan.debug.xcconfig */ = {isa = PBXFileReference; includeInIndex = 1; lastKnownFileType = text.xcconfig; name = "Pods-MovieFan.debug.xcconfig"; path = "Pods/Target Support Files/Pods-MovieFan/Pods-MovieFan.debug.xcconfig"; sourceTree = "<group>"; };
		37806A227D9394A381AC3102 /* Pods_MovieFan.framework */ = {isa = PBXFileReference; explicitFileType = wrapper.framework; includeInIndex = 0; path = Pods_MovieFan.framework; sourceTree = BUILT_PRODUCTS_DIR; };
		3CF4E51E89AB2CB7E78066DC /* Pods_MovieFanTests.framework */ = {isa = PBXFileReference; explicitFileType = wrapper.framework; includeInIndex = 0; path = Pods_MovieFanTests.framework; sourceTree = BUILT_PRODUCTS_DIR; };
		46CCDE1589EEB52C31E59A34 /* Pods-MovieFanUITests.release.xcconfig */ = {isa = PBXFileReference; includeInIndex = 1; lastKnownFileType = text.xcconfig; name = "Pods-MovieFanUITests.release.xcconfig"; path = "Pods/Target Support Files/Pods-MovieFanUITests/Pods-MovieFanUITests.release.xcconfig"; sourceTree = "<group>"; };
		676159751EB090B20022FC54 /* WHMovieComingSoonRequest.h */ = {isa = PBXFileReference; fileEncoding = 4; lastKnownFileType = sourcecode.c.h; path = WHMovieComingSoonRequest.h; sourceTree = "<group>"; };
		676159761EB090B20022FC54 /* WHMovieComingSoonRequest.m */ = {isa = PBXFileReference; fileEncoding = 4; lastKnownFileType = sourcecode.c.objc; path = WHMovieComingSoonRequest.m; sourceTree = "<group>"; };
		67B881791EACC4C300D87FF6 /* MovieFan.app */ = {isa = PBXFileReference; explicitFileType = wrapper.application; includeInIndex = 0; path = MovieFan.app; sourceTree = BUILT_PRODUCTS_DIR; };
		67B8817D1EACC4C300D87FF6 /* main.m */ = {isa = PBXFileReference; lastKnownFileType = sourcecode.c.objc; path = main.m; sourceTree = "<group>"; };
		67B881851EACC4C300D87FF6 /* SecondViewController.h */ = {isa = PBXFileReference; lastKnownFileType = sourcecode.c.h; path = SecondViewController.h; sourceTree = "<group>"; };
		67B881861EACC4C300D87FF6 /* SecondViewController.m */ = {isa = PBXFileReference; lastKnownFileType = sourcecode.c.objc; path = SecondViewController.m; sourceTree = "<group>"; };
		67B881891EACC4C300D87FF6 /* Base */ = {isa = PBXFileReference; lastKnownFileType = file.storyboard; name = Base; path = Base.lproj/Main.storyboard; sourceTree = "<group>"; };
		67B8818B1EACC4C300D87FF6 /* Assets.xcassets */ = {isa = PBXFileReference; lastKnownFileType = folder.assetcatalog; path = Assets.xcassets; sourceTree = "<group>"; };
		67B8818E1EACC4C300D87FF6 /* Base */ = {isa = PBXFileReference; lastKnownFileType = file.storyboard; name = Base; path = Base.lproj/LaunchScreen.storyboard; sourceTree = "<group>"; };
		67B881951EACC4C300D87FF6 /* MovieFanTests.xctest */ = {isa = PBXFileReference; explicitFileType = wrapper.cfbundle; includeInIndex = 0; path = MovieFanTests.xctest; sourceTree = BUILT_PRODUCTS_DIR; };
		67B881991EACC4C300D87FF6 /* MovieFanTests.m */ = {isa = PBXFileReference; lastKnownFileType = sourcecode.c.objc; path = MovieFanTests.m; sourceTree = "<group>"; };
		67B8819B1EACC4C300D87FF6 /* Info.plist */ = {isa = PBXFileReference; lastKnownFileType = text.plist.xml; path = Info.plist; sourceTree = "<group>"; };
		67B881A01EACC4C300D87FF6 /* MovieFanUITests.xctest */ = {isa = PBXFileReference; explicitFileType = wrapper.cfbundle; includeInIndex = 0; path = MovieFanUITests.xctest; sourceTree = BUILT_PRODUCTS_DIR; };
		67B881A41EACC4C300D87FF6 /* MovieFanUITests.m */ = {isa = PBXFileReference; lastKnownFileType = sourcecode.c.objc; path = MovieFanUITests.m; sourceTree = "<group>"; };
		67B881A61EACC4C300D87FF6 /* Info.plist */ = {isa = PBXFileReference; lastKnownFileType = text.plist.xml; path = Info.plist; sourceTree = "<group>"; };
		67D06CEC1EADA60E00B91A86 /* WHMostRecentViewInterface.h */ = {isa = PBXFileReference; fileEncoding = 4; lastKnownFileType = sourcecode.c.h; path = WHMostRecentViewInterface.h; sourceTree = "<group>"; };
		67D06CF01EADE7B300B91A86 /* WHMostRecentInteractorIO.h */ = {isa = PBXFileReference; fileEncoding = 4; lastKnownFileType = sourcecode.c.h; path = WHMostRecentInteractorIO.h; sourceTree = "<group>"; };
		67D06CF41EADEE2A00B91A86 /* WHRootWireframe.h */ = {isa = PBXFileReference; fileEncoding = 4; lastKnownFileType = sourcecode.c.h; path = WHRootWireframe.h; sourceTree = "<group>"; };
		67D06CF51EADEE2A00B91A86 /* WHRootWireframe.m */ = {isa = PBXFileReference; fileEncoding = 4; lastKnownFileType = sourcecode.c.objc; path = WHRootWireframe.m; sourceTree = "<group>"; };
		67D06CF81EADF1C400B91A86 /* MovieFan-Info.plist */ = {isa = PBXFileReference; fileEncoding = 4; lastKnownFileType = text.plist.xml; path = "MovieFan-Info.plist"; sourceTree = "<group>"; };
		67D06CF91EADF1C400B91A86 /* MovieFan-Prefix.pch */ = {isa = PBXFileReference; fileEncoding = 4; lastKnownFileType = sourcecode.c.h; path = "MovieFan-Prefix.pch"; sourceTree = "<group>"; };
		67D06CFB1EADF1DA00B91A86 /* WHAppDelegate.h */ = {isa = PBXFileReference; fileEncoding = 4; lastKnownFileType = sourcecode.c.h; path = WHAppDelegate.h; sourceTree = "<group>"; };
		67D06CFC1EADF1DA00B91A86 /* WHAppDelegate.m */ = {isa = PBXFileReference; fileEncoding = 4; lastKnownFileType = sourcecode.c.objc; path = WHAppDelegate.m; sourceTree = "<group>"; };
		67D06CFD1EADF1DA00B91A86 /* WHAppDependencies.h */ = {isa = PBXFileReference; fileEncoding = 4; lastKnownFileType = sourcecode.c.h; path = WHAppDependencies.h; sourceTree = "<group>"; };
		67D06CFE1EADF1DA00B91A86 /* WHAppDependencies.m */ = {isa = PBXFileReference; fileEncoding = 4; lastKnownFileType = sourcecode.c.objc; path = WHAppDependencies.m; sourceTree = "<group>"; };
		67D06D021EADF42900B91A86 /* WHMostRecentWireframe.h */ = {isa = PBXFileReference; fileEncoding = 4; lastKnownFileType = sourcecode.c.h; path = WHMostRecentWireframe.h; sourceTree = "<group>"; };
		67D06D031EADF42900B91A86 /* WHMostRecentWireframe.m */ = {isa = PBXFileReference; fileEncoding = 4; lastKnownFileType = sourcecode.c.objc; path = WHMostRecentWireframe.m; sourceTree = "<group>"; };
		67D06D051EADF48300B91A86 /* WHMostRecentPresenter.h */ = {isa = PBXFileReference; fileEncoding = 4; lastKnownFileType = sourcecode.c.h; path = WHMostRecentPresenter.h; sourceTree = "<group>"; };
		67D06D061EADF48300B91A86 /* WHMostRecentPresenter.m */ = {isa = PBXFileReference; fileEncoding = 4; lastKnownFileType = sourcecode.c.objc; path = WHMostRecentPresenter.m; sourceTree = "<group>"; };
		67D06D091EADF72600B91A86 /* WHMostRecentViewController.m */ = {isa = PBXFileReference; fileEncoding = 4; lastKnownFileType = sourcecode.c.objc; path = WHMostRecentViewController.m; sourceTree = "<group>"; };
		67D06D0D1EADFCEB00B91A86 /* WHMostRecentDataManager.h */ = {isa = PBXFileReference; fileEncoding = 4; lastKnownFileType = sourcecode.c.h; path = WHMostRecentDataManager.h; sourceTree = "<group>"; };
		67D06D0E1EADFCEB00B91A86 /* WHMostRecentDataManager.m */ = {isa = PBXFileReference; fileEncoding = 4; lastKnownFileType = sourcecode.c.objc; path = WHMostRecentDataManager.m; sourceTree = "<group>"; };
		67D06D101EAEE8C200B91A86 /* WHMovieInThreaterRequest.h */ = {isa = PBXFileReference; fileEncoding = 4; lastKnownFileType = sourcecode.c.h; path = WHMovieInThreaterRequest.h; sourceTree = "<group>"; };
		67D06D111EAEE8C200B91A86 /* WHMovieInThreaterRequest.m */ = {isa = PBXFileReference; fileEncoding = 4; lastKnownFileType = sourcecode.c.objc; path = WHMovieInThreaterRequest.m; sourceTree = "<group>"; };
		67D06D131EAEF9FC00B91A86 /* WHRanking.h */ = {isa = PBXFileReference; fileEncoding = 4; lastKnownFileType = sourcecode.c.h; path = WHRanking.h; sourceTree = "<group>"; };
		67D06D141EAEF9FC00B91A86 /* WHRanking.m */ = {isa = PBXFileReference; fileEncoding = 4; lastKnownFileType = sourcecode.c.objc; path = WHRanking.m; sourceTree = "<group>"; };
		67D06D161EAF0EAC00B91A86 /* WHImages.h */ = {isa = PBXFileReference; fileEncoding = 4; lastKnownFileType = sourcecode.c.h; path = WHImages.h; sourceTree = "<group>"; };
		67D06D171EAF0EAC00B91A86 /* WHImages.m */ = {isa = PBXFileReference; fileEncoding = 4; lastKnownFileType = sourcecode.c.objc; path = WHImages.m; sourceTree = "<group>"; };
		67D06D191EAF113000B91A86 /* WHMovieSubject.h */ = {isa = PBXFileReference; fileEncoding = 4; lastKnownFileType = sourcecode.c.h; path = WHMovieSubject.h; sourceTree = "<group>"; };
		67D06D1A1EAF113000B91A86 /* WHMovieSubject.m */ = {isa = PBXFileReference; fileEncoding = 4; lastKnownFileType = sourcecode.c.objc; path = WHMovieSubject.m; sourceTree = "<group>"; };
		67D06D1C1EAF136E00B91A86 /* WHCelebrity.h */ = {isa = PBXFileReference; fileEncoding = 4; lastKnownFileType = sourcecode.c.h; path = WHCelebrity.h; sourceTree = "<group>"; };
		67D06D1D1EAF136E00B91A86 /* WHCelebrity.m */ = {isa = PBXFileReference; fileEncoding = 4; lastKnownFileType = sourcecode.c.objc; path = WHCelebrity.m; sourceTree = "<group>"; };
		67D06D1F1EAF16DB00B91A86 /* WHMostRecentMovies.h */ = {isa = PBXFileReference; fileEncoding = 4; lastKnownFileType = sourcecode.c.h; path = WHMostRecentMovies.h; sourceTree = "<group>"; };
		67D06D201EAF16DB00B91A86 /* WHMostRecentMovies.m */ = {isa = PBXFileReference; fileEncoding = 4; lastKnownFileType = sourcecode.c.objc; path = WHMostRecentMovies.m; sourceTree = "<group>"; };
		67D06D221EAF212B00B91A86 /* WHMostRecentInteractor.h */ = {isa = PBXFileReference; fileEncoding = 4; lastKnownFileType = sourcecode.c.h; path = WHMostRecentInteractor.h; sourceTree = "<group>"; };
		67D06D231EAF212B00B91A86 /* WHMostRecentInteractor.m */ = {isa = PBXFileReference; fileEncoding = 4; lastKnownFileType = sourcecode.c.objc; path = WHMostRecentInteractor.m; sourceTree = "<group>"; };
		67D06D251EAF22BD00B91A86 /* NSArray+HOM.h */ = {isa = PBXFileReference; fileEncoding = 4; lastKnownFileType = sourcecode.c.h; path = "NSArray+HOM.h"; sourceTree = "<group>"; };
		67D06D261EAF22BD00B91A86 /* NSArray+HOM.m */ = {isa = PBXFileReference; fileEncoding = 4; lastKnownFileType = sourcecode.c.objc; path = "NSArray+HOM.m"; sourceTree = "<group>"; };
		67D06D291EAF249E00B91A86 /* WHAppMacro.h */ = {isa = PBXFileReference; lastKnownFileType = sourcecode.c.h; path = WHAppMacro.h; sourceTree = "<group>"; };
		67D06D2A1EAF251A00B91A86 /* WHRealmDataStore.h */ = {isa = PBXFileReference; fileEncoding = 4; lastKnownFileType = sourcecode.c.h; path = WHRealmDataStore.h; sourceTree = "<group>"; };
		67D06D2B1EAF251A00B91A86 /* WHRealmDataStore.m */ = {isa = PBXFileReference; fileEncoding = 4; lastKnownFileType = sourcecode.c.objc; path = WHRealmDataStore.m; sourceTree = "<group>"; };
		67D06D2D1EAF361D00B91A86 /* WHMostRecentModuleInterface.h */ = {isa = PBXFileReference; fileEncoding = 4; lastKnownFileType = sourcecode.c.h; path = WHMostRecentModuleInterface.h; sourceTree = "<group>"; };
		67D06D311EAF4A4300B91A86 /* WHMovieSubjectCell.h */ = {isa = PBXFileReference; fileEncoding = 4; lastKnownFileType = sourcecode.c.h; path = WHMovieSubjectCell.h; sourceTree = "<group>"; };
		67D06D321EAF4A4300B91A86 /* WHMovieSubjectCell.m */ = {isa = PBXFileReference; fileEncoding = 4; lastKnownFileType = sourcecode.c.objc; path = WHMovieSubjectCell.m; sourceTree = "<group>"; };
		9AE8898E79060F9A6B09A216 /* Pods-MovieFanUITests.debug.xcconfig */ = {isa = PBXFileReference; includeInIndex = 1; lastKnownFileType = text.xcconfig; name = "Pods-MovieFanUITests.debug.xcconfig"; path = "Pods/Target Support Files/Pods-MovieFanUITests/Pods-MovieFanUITests.debug.xcconfig"; sourceTree = "<group>"; };
		A79DDD078DA2FF404978966E /* Pods-MovieFanTests.release.xcconfig */ = {isa = PBXFileReference; includeInIndex = 1; lastKnownFileType = text.xcconfig; name = "Pods-MovieFanTests.release.xcconfig"; path = "Pods/Target Support Files/Pods-MovieFanTests/Pods-MovieFanTests.release.xcconfig"; sourceTree = "<group>"; };
		DB6A1A85099D650474CF52BD /* Pods-MovieFanTests.debug.xcconfig */ = {isa = PBXFileReference; includeInIndex = 1; lastKnownFileType = text.xcconfig; name = "Pods-MovieFanTests.debug.xcconfig"; path = "Pods/Target Support Files/Pods-MovieFanTests/Pods-MovieFanTests.debug.xcconfig"; sourceTree = "<group>"; };
		E96EAA67AADC0A0F05B586DA /* Pods-MovieFan.release.xcconfig */ = {isa = PBXFileReference; includeInIndex = 1; lastKnownFileType = text.xcconfig; name = "Pods-MovieFan.release.xcconfig"; path = "Pods/Target Support Files/Pods-MovieFan/Pods-MovieFan.release.xcconfig"; sourceTree = "<group>"; };
/* End PBXFileReference section */

/* Begin PBXFrameworksBuildPhase section */
		67B881761EACC4C300D87FF6 /* Frameworks */ = {
			isa = PBXFrameworksBuildPhase;
			buildActionMask = 2147483647;
			files = (
				95AC4170A4D635D18D852780 /* Pods_MovieFan.framework in Frameworks */,
			);
			runOnlyForDeploymentPostprocessing = 0;
		};
		67B881921EACC4C300D87FF6 /* Frameworks */ = {
			isa = PBXFrameworksBuildPhase;
			buildActionMask = 2147483647;
			files = (
				77BAF7FB7B332C4C1EB975E3 /* Pods_MovieFanTests.framework in Frameworks */,
			);
			runOnlyForDeploymentPostprocessing = 0;
		};
		67B8819D1EACC4C300D87FF6 /* Frameworks */ = {
			isa = PBXFrameworksBuildPhase;
			buildActionMask = 2147483647;
			files = (
				E9CA28072C8A500B8F00745C /* Pods_MovieFanUITests.framework in Frameworks */,
			);
			runOnlyForDeploymentPostprocessing = 0;
		};
/* End PBXFrameworksBuildPhase section */

/* Begin PBXGroup section */
		141FE50C34FDD2E76F4EC744 /* Pods */ = {
			isa = PBXGroup;
			children = (
				1547A848EE38F36443002FB1 /* Pods-MovieFan.debug.xcconfig */,
				E96EAA67AADC0A0F05B586DA /* Pods-MovieFan.release.xcconfig */,
				DB6A1A85099D650474CF52BD /* Pods-MovieFanTests.debug.xcconfig */,
				A79DDD078DA2FF404978966E /* Pods-MovieFanTests.release.xcconfig */,
				9AE8898E79060F9A6B09A216 /* Pods-MovieFanUITests.debug.xcconfig */,
				46CCDE1589EEB52C31E59A34 /* Pods-MovieFanUITests.release.xcconfig */,
			);
			name = Pods;
			sourceTree = "<group>";
		};
		231D00FE1749768DE6D9A757 /* Frameworks */ = {
			isa = PBXGroup;
			children = (
				37806A227D9394A381AC3102 /* Pods_MovieFan.framework */,
				3CF4E51E89AB2CB7E78066DC /* Pods_MovieFanTests.framework */,
				0C8F753983977734944D2765 /* Pods_MovieFanUITests.framework */,
			);
			name = Frameworks;
			sourceTree = "<group>";
		};
		67B881701EACC4C300D87FF6 = {
			isa = PBXGroup;
			children = (
				67B8817B1EACC4C300D87FF6 /* MovieFan */,
				67B881981EACC4C300D87FF6 /* MovieFanTests */,
				67B881A31EACC4C300D87FF6 /* MovieFanUITests */,
				67B8817A1EACC4C300D87FF6 /* Products */,
				141FE50C34FDD2E76F4EC744 /* Pods */,
				231D00FE1749768DE6D9A757 /* Frameworks */,
			);
			sourceTree = "<group>";
		};
		67B8817A1EACC4C300D87FF6 /* Products */ = {
			isa = PBXGroup;
			children = (
				67B881791EACC4C300D87FF6 /* MovieFan.app */,
				67B881951EACC4C300D87FF6 /* MovieFanTests.xctest */,
				67B881A01EACC4C300D87FF6 /* MovieFanUITests.xctest */,
			);
			name = Products;
			sourceTree = "<group>";
		};
		67B8817B1EACC4C300D87FF6 /* MovieFan */ = {
			isa = PBXGroup;
			children = (
				67D06CB71EADA57700B91A86 /* Classes */,
				67B881851EACC4C300D87FF6 /* SecondViewController.h */,
				67B881861EACC4C300D87FF6 /* SecondViewController.m */,
				67D06D011EADF20E00B91A86 /* Resources */,
				67B8817C1EACC4C300D87FF6 /* Supporting Files */,
			);
			path = MovieFan;
			sourceTree = "<group>";
		};
		67B8817C1EACC4C300D87FF6 /* Supporting Files */ = {
			isa = PBXGroup;
			children = (
				67D06CF81EADF1C400B91A86 /* MovieFan-Info.plist */,
				67D06CF91EADF1C400B91A86 /* MovieFan-Prefix.pch */,
				67B8817D1EACC4C300D87FF6 /* main.m */,
			);
			name = "Supporting Files";
			sourceTree = "<group>";
		};
		67B881981EACC4C300D87FF6 /* MovieFanTests */ = {
			isa = PBXGroup;
			children = (
				67B881991EACC4C300D87FF6 /* MovieFanTests.m */,
				67B8819B1EACC4C300D87FF6 /* Info.plist */,
			);
			path = MovieFanTests;
			sourceTree = "<group>";
		};
		67B881A31EACC4C300D87FF6 /* MovieFanUITests */ = {
			isa = PBXGroup;
			children = (
				67B881A41EACC4C300D87FF6 /* MovieFanUITests.m */,
				67B881A61EACC4C300D87FF6 /* Info.plist */,
			);
			path = MovieFanUITests;
			sourceTree = "<group>";
		};
		67D06CB71EADA57700B91A86 /* Classes */ = {
			isa = PBXGroup;
			children = (
				67D06CB81EADA57700B91A86 /* Common */,
				67D06CBE1EADA57700B91A86 /* Modules */,
				67D06CFB1EADF1DA00B91A86 /* WHAppDelegate.h */,
				67D06CFC1EADF1DA00B91A86 /* WHAppDelegate.m */,
				67D06CFD1EADF1DA00B91A86 /* WHAppDependencies.h */,
				67D06CFE1EADF1DA00B91A86 /* WHAppDependencies.m */,
			);
			path = Classes;
			sourceTree = "<group>";
		};
		67D06CB81EADA57700B91A86 /* Common */ = {
			isa = PBXGroup;
			children = (
				67D06CB91EADA57700B91A86 /* Categories */,
				67D06CBA1EADA57700B91A86 /* Model */,
				67D06CBC1EADA57700B91A86 /* Store */,
				67D06CBD1EADA57700B91A86 /* View */,
				67D06D291EAF249E00B91A86 /* WHAppMacro.h */,
			);
			path = Common;
			sourceTree = "<group>";
		};
		67D06CB91EADA57700B91A86 /* Categories */ = {
			isa = PBXGroup;
			children = (
				67D06D251EAF22BD00B91A86 /* NSArray+HOM.h */,
				67D06D261EAF22BD00B91A86 /* NSArray+HOM.m */,
			);
			path = Categories;
			sourceTree = "<group>";
		};
		67D06CBA1EADA57700B91A86 /* Model */ = {
			isa = PBXGroup;
			children = (
				67D06D131EAEF9FC00B91A86 /* WHRanking.h */,
				67D06D141EAEF9FC00B91A86 /* WHRanking.m */,
				67D06D161EAF0EAC00B91A86 /* WHImages.h */,
				67D06D171EAF0EAC00B91A86 /* WHImages.m */,
				67D06D191EAF113000B91A86 /* WHMovieSubject.h */,
				67D06D1A1EAF113000B91A86 /* WHMovieSubject.m */,
				67D06D1C1EAF136E00B91A86 /* WHCelebrity.h */,
				67D06D1D1EAF136E00B91A86 /* WHCelebrity.m */,
			);
			path = Model;
			sourceTree = "<group>";
		};
		67D06CBC1EADA57700B91A86 /* Store */ = {
			isa = PBXGroup;
			children = (
				67D06D2A1EAF251A00B91A86 /* WHRealmDataStore.h */,
				67D06D2B1EAF251A00B91A86 /* WHRealmDataStore.m */,
			);
			path = Store;
			sourceTree = "<group>";
		};
		67D06CBD1EADA57700B91A86 /* View */ = {
			isa = PBXGroup;
			children = (
				67D06D311EAF4A4300B91A86 /* WHMovieSubjectCell.h */,
				67D06D321EAF4A4300B91A86 /* WHMovieSubjectCell.m */,
				67D06CF41EADEE2A00B91A86 /* WHRootWireframe.h */,
				67D06CF51EADEE2A00B91A86 /* WHRootWireframe.m */,
			);
			path = View;
			sourceTree = "<group>";
		};
		67D06CBE1EADA57700B91A86 /* Modules */ = {
			isa = PBXGroup;
			children = (
				67D06CBF1EADA57700B91A86 /* Detail */,
				67D06CC91EADA57700B91A86 /* Farorites */,
				67D06CD31EADA57700B91A86 /* MostRecent */,
				67D06CDF1EADA57700B91A86 /* MostStarred */,
			);
			path = Modules;
			sourceTree = "<group>";
		};
		67D06CBF1EADA57700B91A86 /* Detail */ = {
			isa = PBXGroup;
			children = (
				67D06CC01EADA57700B91A86 /* Application Logic */,
				67D06CC41EADA57700B91A86 /* Module Interface */,
				67D06CC51EADA57700B91A86 /* User Interface */,
			);
			path = Detail;
			sourceTree = "<group>";
		};
		67D06CC01EADA57700B91A86 /* Application Logic */ = {
			isa = PBXGroup;
			children = (
				67D06CC11EADA57700B91A86 /* Interactor */,
				67D06CC21EADA57700B91A86 /* Manager */,
				67D06CC31EADA57700B91A86 /* Model */,
			);
			path = "Application Logic";
			sourceTree = "<group>";
		};
		67D06CC11EADA57700B91A86 /* Interactor */ = {
			isa = PBXGroup;
			children = (
			);
			path = Interactor;
			sourceTree = "<group>";
		};
		67D06CC21EADA57700B91A86 /* Manager */ = {
			isa = PBXGroup;
			children = (
			);
			path = Manager;
			sourceTree = "<group>";
		};
		67D06CC31EADA57700B91A86 /* Model */ = {
			isa = PBXGroup;
			children = (
			);
			path = Model;
			sourceTree = "<group>";
		};
		67D06CC41EADA57700B91A86 /* Module Interface */ = {
			isa = PBXGroup;
			children = (
			);
			path = "Module Interface";
			sourceTree = "<group>";
		};
		67D06CC51EADA57700B91A86 /* User Interface */ = {
			isa = PBXGroup;
			children = (
				67D06CC61EADA57700B91A86 /* Presenter */,
				67D06CC71EADA57700B91A86 /* View */,
				67D06CC81EADA57700B91A86 /* Wireframe */,
			);
			path = "User Interface";
			sourceTree = "<group>";
		};
		67D06CC61EADA57700B91A86 /* Presenter */ = {
			isa = PBXGroup;
			children = (
			);
			path = Presenter;
			sourceTree = "<group>";
		};
		67D06CC71EADA57700B91A86 /* View */ = {
			isa = PBXGroup;
			children = (
			);
			path = View;
			sourceTree = "<group>";
		};
		67D06CC81EADA57700B91A86 /* Wireframe */ = {
			isa = PBXGroup;
			children = (
			);
			path = Wireframe;
			sourceTree = "<group>";
		};
		67D06CC91EADA57700B91A86 /* Farorites */ = {
			isa = PBXGroup;
			children = (
				67D06CCA1EADA57700B91A86 /* Application Logic */,
				67D06CCE1EADA57700B91A86 /* Module Interface */,
				67D06CCF1EADA57700B91A86 /* User Interface */,
			);
			path = Farorites;
			sourceTree = "<group>";
		};
		67D06CCA1EADA57700B91A86 /* Application Logic */ = {
			isa = PBXGroup;
			children = (
				67D06CCB1EADA57700B91A86 /* Interactor */,
				67D06CCC1EADA57700B91A86 /* Manager */,
				67D06CCD1EADA57700B91A86 /* Model */,
			);
			path = "Application Logic";
			sourceTree = "<group>";
		};
		67D06CCB1EADA57700B91A86 /* Interactor */ = {
			isa = PBXGroup;
			children = (
			);
			path = Interactor;
			sourceTree = "<group>";
		};
		67D06CCC1EADA57700B91A86 /* Manager */ = {
			isa = PBXGroup;
			children = (
			);
			path = Manager;
			sourceTree = "<group>";
		};
		67D06CCD1EADA57700B91A86 /* Model */ = {
			isa = PBXGroup;
			children = (
			);
			path = Model;
			sourceTree = "<group>";
		};
		67D06CCE1EADA57700B91A86 /* Module Interface */ = {
			isa = PBXGroup;
			children = (
			);
			path = "Module Interface";
			sourceTree = "<group>";
		};
		67D06CCF1EADA57700B91A86 /* User Interface */ = {
			isa = PBXGroup;
			children = (
				67D06CD01EADA57700B91A86 /* Presenter */,
				67D06CD11EADA57700B91A86 /* View */,
				67D06CD21EADA57700B91A86 /* Wireframe */,
			);
			path = "User Interface";
			sourceTree = "<group>";
		};
		67D06CD01EADA57700B91A86 /* Presenter */ = {
			isa = PBXGroup;
			children = (
			);
			path = Presenter;
			sourceTree = "<group>";
		};
		67D06CD11EADA57700B91A86 /* View */ = {
			isa = PBXGroup;
			children = (
			);
			path = View;
			sourceTree = "<group>";
		};
		67D06CD21EADA57700B91A86 /* Wireframe */ = {
			isa = PBXGroup;
			children = (
			);
			path = Wireframe;
			sourceTree = "<group>";
		};
		67D06CD31EADA57700B91A86 /* MostRecent */ = {
			isa = PBXGroup;
			children = (
				67D06CD41EADA57700B91A86 /* Application Logic */,
				67D06CDA1EADA57700B91A86 /* Module Interface */,
				67D06CDB1EADA57700B91A86 /* User Interface */,
			);
			path = MostRecent;
			sourceTree = "<group>";
		};
		67D06CD41EADA57700B91A86 /* Application Logic */ = {
			isa = PBXGroup;
			children = (
				67D06CD51EADA57700B91A86 /* Interactor */,
				67D06CD61EADA57700B91A86 /* Manager */,
				67D06CD91EADA57700B91A86 /* Model */,
			);
			path = "Application Logic";
			sourceTree = "<group>";
		};
		67D06CD51EADA57700B91A86 /* Interactor */ = {
			isa = PBXGroup;
			children = (
				67D06CF01EADE7B300B91A86 /* WHMostRecentInteractorIO.h */,
				67D06D221EAF212B00B91A86 /* WHMostRecentInteractor.h */,
				67D06D231EAF212B00B91A86 /* WHMostRecentInteractor.m */,
			);
			path = Interactor;
			sourceTree = "<group>";
		};
		67D06CD61EADA57700B91A86 /* Manager */ = {
			isa = PBXGroup;
			children = (
				67D06D0D1EADFCEB00B91A86 /* WHMostRecentDataManager.h */,
				67D06D0E1EADFCEB00B91A86 /* WHMostRecentDataManager.m */,
				67D06D101EAEE8C200B91A86 /* WHMovieInThreaterRequest.h */,
				67D06D111EAEE8C200B91A86 /* WHMovieInThreaterRequest.m */,
				676159751EB090B20022FC54 /* WHMovieComingSoonRequest.h */,
				676159761EB090B20022FC54 /* WHMovieComingSoonRequest.m */,
			);
			path = Manager;
			sourceTree = "<group>";
		};
		67D06CD91EADA57700B91A86 /* Model */ = {
			isa = PBXGroup;
			children = (
				67D06D1F1EAF16DB00B91A86 /* WHMostRecentMovies.h */,
				67D06D201EAF16DB00B91A86 /* WHMostRecentMovies.m */,
			);
			path = Model;
			sourceTree = "<group>";
		};
		67D06CDA1EADA57700B91A86 /* Module Interface */ = {
			isa = PBXGroup;
			children = (
				67D06D2D1EAF361D00B91A86 /* WHMostRecentModuleInterface.h */,
			);
			path = "Module Interface";
			sourceTree = "<group>";
		};
		67D06CDB1EADA57700B91A86 /* User Interface */ = {
			isa = PBXGroup;
			children = (
				67D06CDC1EADA57700B91A86 /* Presenter */,
				67D06CDD1EADA57700B91A86 /* View */,
				67D06CDE1EADA57700B91A86 /* Wireframe */,
			);
			path = "User Interface";
			sourceTree = "<group>";
		};
		67D06CDC1EADA57700B91A86 /* Presenter */ = {
			isa = PBXGroup;
			children = (
				67D06D051EADF48300B91A86 /* WHMostRecentPresenter.h */,
				67D06D061EADF48300B91A86 /* WHMostRecentPresenter.m */,
			);
			path = Presenter;
			sourceTree = "<group>";
		};
		67D06CDD1EADA57700B91A86 /* View */ = {
			isa = PBXGroup;
			children = (
				67D06CEC1EADA60E00B91A86 /* WHMostRecentViewInterface.h */,
				67D06D091EADF72600B91A86 /* WHMostRecentViewController.m */,
			);
			path = View;
			sourceTree = "<group>";
		};
		67D06CDE1EADA57700B91A86 /* Wireframe */ = {
			isa = PBXGroup;
			children = (
				67D06D021EADF42900B91A86 /* WHMostRecentWireframe.h */,
				67D06D031EADF42900B91A86 /* WHMostRecentWireframe.m */,
			);
			path = Wireframe;
			sourceTree = "<group>";
		};
		67D06CDF1EADA57700B91A86 /* MostStarred */ = {
			isa = PBXGroup;
			children = (
				67D06CE01EADA57700B91A86 /* Application Logic */,
				67D06CE41EADA57700B91A86 /* Module Interface */,
				67D06CE51EADA57700B91A86 /* User Interface */,
			);
			path = MostStarred;
			sourceTree = "<group>";
		};
		67D06CE01EADA57700B91A86 /* Application Logic */ = {
			isa = PBXGroup;
			children = (
				67D06CE11EADA57700B91A86 /* Interactor */,
				67D06CE21EADA57700B91A86 /* Manager */,
				67D06CE31EADA57700B91A86 /* Model */,
			);
			path = "Application Logic";
			sourceTree = "<group>";
		};
		67D06CE11EADA57700B91A86 /* Interactor */ = {
			isa = PBXGroup;
			children = (
			);
			path = Interactor;
			sourceTree = "<group>";
		};
		67D06CE21EADA57700B91A86 /* Manager */ = {
			isa = PBXGroup;
			children = (
			);
			path = Manager;
			sourceTree = "<group>";
		};
		67D06CE31EADA57700B91A86 /* Model */ = {
			isa = PBXGroup;
			children = (
			);
			path = Model;
			sourceTree = "<group>";
		};
		67D06CE41EADA57700B91A86 /* Module Interface */ = {
			isa = PBXGroup;
			children = (
			);
			path = "Module Interface";
			sourceTree = "<group>";
		};
		67D06CE51EADA57700B91A86 /* User Interface */ = {
			isa = PBXGroup;
			children = (
				67D06CE61EADA57700B91A86 /* Presenter */,
				67D06CE71EADA57700B91A86 /* View */,
				67D06CE81EADA57700B91A86 /* Wireframe */,
			);
			path = "User Interface";
			sourceTree = "<group>";
		};
		67D06CE61EADA57700B91A86 /* Presenter */ = {
			isa = PBXGroup;
			children = (
			);
			path = Presenter;
			sourceTree = "<group>";
		};
		67D06CE71EADA57700B91A86 /* View */ = {
			isa = PBXGroup;
			children = (
			);
			path = View;
			sourceTree = "<group>";
		};
		67D06CE81EADA57700B91A86 /* Wireframe */ = {
			isa = PBXGroup;
			children = (
			);
			path = Wireframe;
			sourceTree = "<group>";
		};
		67D06D011EADF20E00B91A86 /* Resources */ = {
			isa = PBXGroup;
			children = (
				67B881881EACC4C300D87FF6 /* Main.storyboard */,
				67B8818B1EACC4C300D87FF6 /* Assets.xcassets */,
				67B8818D1EACC4C300D87FF6 /* LaunchScreen.storyboard */,
			);
			name = Resources;
			sourceTree = "<group>";
		};
/* End PBXGroup section */

/* Begin PBXNativeTarget section */
		67B881781EACC4C300D87FF6 /* MovieFan */ = {
			isa = PBXNativeTarget;
			buildConfigurationList = 67B881A91EACC4C300D87FF6 /* Build configuration list for PBXNativeTarget "MovieFan" */;
			buildPhases = (
				9A1D3D689FE6C820363B0E3D /* [CP] Check Pods Manifest.lock */,
				67B881751EACC4C300D87FF6 /* Sources */,
				67B881761EACC4C300D87FF6 /* Frameworks */,
				67B881771EACC4C300D87FF6 /* Resources */,
				83584C5A5CDB15E93C2AC8E3 /* [CP] Embed Pods Frameworks */,
				C3DFB1905778F27F4DAA0797 /* [CP] Copy Pods Resources */,
			);
			buildRules = (
			);
			dependencies = (
			);
			name = MovieFan;
			productName = MovieFan;
			productReference = 67B881791EACC4C300D87FF6 /* MovieFan.app */;
			productType = "com.apple.product-type.application";
		};
		67B881941EACC4C300D87FF6 /* MovieFanTests */ = {
			isa = PBXNativeTarget;
			buildConfigurationList = 67B881AC1EACC4C300D87FF6 /* Build configuration list for PBXNativeTarget "MovieFanTests" */;
			buildPhases = (
				6303004CEE3BD95867FE0319 /* [CP] Check Pods Manifest.lock */,
				67B881911EACC4C300D87FF6 /* Sources */,
				67B881921EACC4C300D87FF6 /* Frameworks */,
				67B881931EACC4C300D87FF6 /* Resources */,
				C0F5005E05AA67F4B06191C3 /* [CP] Embed Pods Frameworks */,
				86B8194A144A23A49B5CAA34 /* [CP] Copy Pods Resources */,
			);
			buildRules = (
			);
			dependencies = (
				67B881971EACC4C300D87FF6 /* PBXTargetDependency */,
			);
			name = MovieFanTests;
			productName = MovieFanTests;
			productReference = 67B881951EACC4C300D87FF6 /* MovieFanTests.xctest */;
			productType = "com.apple.product-type.bundle.unit-test";
		};
		67B8819F1EACC4C300D87FF6 /* MovieFanUITests */ = {
			isa = PBXNativeTarget;
			buildConfigurationList = 67B881AF1EACC4C300D87FF6 /* Build configuration list for PBXNativeTarget "MovieFanUITests" */;
			buildPhases = (
				E47DE410A43BD55FD2B61FF4 /* [CP] Check Pods Manifest.lock */,
				67B8819C1EACC4C300D87FF6 /* Sources */,
				67B8819D1EACC4C300D87FF6 /* Frameworks */,
				67B8819E1EACC4C300D87FF6 /* Resources */,
				14730F1D47E0E9926846B730 /* [CP] Embed Pods Frameworks */,
				429D6499176C2E3A5843EB5C /* [CP] Copy Pods Resources */,
			);
			buildRules = (
			);
			dependencies = (
				67B881A21EACC4C300D87FF6 /* PBXTargetDependency */,
			);
			name = MovieFanUITests;
			productName = MovieFanUITests;
			productReference = 67B881A01EACC4C300D87FF6 /* MovieFanUITests.xctest */;
			productType = "com.apple.product-type.bundle.ui-testing";
		};
/* End PBXNativeTarget section */

/* Begin PBXProject section */
		67B881711EACC4C300D87FF6 /* Project object */ = {
			isa = PBXProject;
			attributes = {
				LastUpgradeCheck = 0820;
				ORGANIZATIONNAME = CMCC;
				TargetAttributes = {
					67B881781EACC4C300D87FF6 = {
						CreatedOnToolsVersion = 8.2.1;
						DevelopmentTeam = 777LHWYBNZ;
						ProvisioningStyle = Automatic;
					};
					67B881941EACC4C300D87FF6 = {
						CreatedOnToolsVersion = 8.2.1;
						DevelopmentTeam = 777LHWYBNZ;
						ProvisioningStyle = Automatic;
						TestTargetID = 67B881781EACC4C300D87FF6;
					};
					67B8819F1EACC4C300D87FF6 = {
						CreatedOnToolsVersion = 8.2.1;
						DevelopmentTeam = 777LHWYBNZ;
						ProvisioningStyle = Automatic;
						TestTargetID = 67B881781EACC4C300D87FF6;
					};
				};
			};
			buildConfigurationList = 67B881741EACC4C300D87FF6 /* Build configuration list for PBXProject "MovieFan" */;
			compatibilityVersion = "Xcode 3.2";
			developmentRegion = English;
			hasScannedForEncodings = 0;
			knownRegions = (
				en,
				Base,
			);
			mainGroup = 67B881701EACC4C300D87FF6;
			productRefGroup = 67B8817A1EACC4C300D87FF6 /* Products */;
			projectDirPath = "";
			projectRoot = "";
			targets = (
				67B881781EACC4C300D87FF6 /* MovieFan */,
				67B881941EACC4C300D87FF6 /* MovieFanTests */,
				67B8819F1EACC4C300D87FF6 /* MovieFanUITests */,
			);
		};
/* End PBXProject section */

/* Begin PBXResourcesBuildPhase section */
		67B881771EACC4C300D87FF6 /* Resources */ = {
			isa = PBXResourcesBuildPhase;
			buildActionMask = 2147483647;
			files = (
				67D06D0B1EADF90000B91A86 /* Main.storyboard in Resources */,
				67D06D0C1EADF90000B91A86 /* LaunchScreen.storyboard in Resources */,
				67B8818C1EACC4C300D87FF6 /* Assets.xcassets in Resources */,
				67D06CFA1EADF1C400B91A86 /* MovieFan-Info.plist in Resources */,
			);
			runOnlyForDeploymentPostprocessing = 0;
		};
		67B881931EACC4C300D87FF6 /* Resources */ = {
			isa = PBXResourcesBuildPhase;
			buildActionMask = 2147483647;
			files = (
			);
			runOnlyForDeploymentPostprocessing = 0;
		};
		67B8819E1EACC4C300D87FF6 /* Resources */ = {
			isa = PBXResourcesBuildPhase;
			buildActionMask = 2147483647;
			files = (
			);
			runOnlyForDeploymentPostprocessing = 0;
		};
/* End PBXResourcesBuildPhase section */

/* Begin PBXShellScriptBuildPhase section */
		14730F1D47E0E9926846B730 /* [CP] Embed Pods Frameworks */ = {
			isa = PBXShellScriptBuildPhase;
			buildActionMask = 2147483647;
			files = (
			);
			inputPaths = (
			);
			name = "[CP] Embed Pods Frameworks";
			outputPaths = (
			);
			runOnlyForDeploymentPostprocessing = 0;
			shellPath = /bin/sh;
			shellScript = "\"${SRCROOT}/Pods/Target Support Files/Pods-MovieFanUITests/Pods-MovieFanUITests-frameworks.sh\"\n";
			showEnvVarsInLog = 0;
		};
		429D6499176C2E3A5843EB5C /* [CP] Copy Pods Resources */ = {
			isa = PBXShellScriptBuildPhase;
			buildActionMask = 2147483647;
			files = (
			);
			inputPaths = (
			);
			name = "[CP] Copy Pods Resources";
			outputPaths = (
			);
			runOnlyForDeploymentPostprocessing = 0;
			shellPath = /bin/sh;
			shellScript = "\"${SRCROOT}/Pods/Target Support Files/Pods-MovieFanUITests/Pods-MovieFanUITests-resources.sh\"\n";
			showEnvVarsInLog = 0;
		};
		6303004CEE3BD95867FE0319 /* [CP] Check Pods Manifest.lock */ = {
			isa = PBXShellScriptBuildPhase;
			buildActionMask = 2147483647;
			files = (
			);
			inputPaths = (
			);
			name = "[CP] Check Pods Manifest.lock";
			outputPaths = (
			);
			runOnlyForDeploymentPostprocessing = 0;
			shellPath = /bin/sh;
			shellScript = "diff \"${PODS_PODFILE_DIR_PATH}/Podfile.lock\" \"${PODS_ROOT}/Manifest.lock\" > /dev/null\nif [ $? != 0 ] ; then\n    # print error to STDERR\n    echo \"error: The sandbox is not in sync with the Podfile.lock. Run 'pod install' or update your CocoaPods installation.\" >&2\n    exit 1\nfi\n";
			showEnvVarsInLog = 0;
		};
		83584C5A5CDB15E93C2AC8E3 /* [CP] Embed Pods Frameworks */ = {
			isa = PBXShellScriptBuildPhase;
			buildActionMask = 2147483647;
			files = (
			);
			inputPaths = (
			);
			name = "[CP] Embed Pods Frameworks";
			outputPaths = (
			);
			runOnlyForDeploymentPostprocessing = 0;
			shellPath = /bin/sh;
			shellScript = "\"${SRCROOT}/Pods/Target Support Files/Pods-MovieFan/Pods-MovieFan-frameworks.sh\"\n";
			showEnvVarsInLog = 0;
		};
		86B8194A144A23A49B5CAA34 /* [CP] Copy Pods Resources */ = {
			isa = PBXShellScriptBuildPhase;
			buildActionMask = 2147483647;
			files = (
			);
			inputPaths = (
			);
			name = "[CP] Copy Pods Resources";
			outputPaths = (
			);
			runOnlyForDeploymentPostprocessing = 0;
			shellPath = /bin/sh;
			shellScript = "\"${SRCROOT}/Pods/Target Support Files/Pods-MovieFanTests/Pods-MovieFanTests-resources.sh\"\n";
			showEnvVarsInLog = 0;
		};
		9A1D3D689FE6C820363B0E3D /* [CP] Check Pods Manifest.lock */ = {
			isa = PBXShellScriptBuildPhase;
			buildActionMask = 2147483647;
			files = (
			);
			inputPaths = (
			);
			name = "[CP] Check Pods Manifest.lock";
			outputPaths = (
			);
			runOnlyForDeploymentPostprocessing = 0;
			shellPath = /bin/sh;
			shellScript = "diff \"${PODS_PODFILE_DIR_PATH}/Podfile.lock\" \"${PODS_ROOT}/Manifest.lock\" > /dev/null\nif [ $? != 0 ] ; then\n    # print error to STDERR\n    echo \"error: The sandbox is not in sync with the Podfile.lock. Run 'pod install' or update your CocoaPods installation.\" >&2\n    exit 1\nfi\n";
			showEnvVarsInLog = 0;
		};
		C0F5005E05AA67F4B06191C3 /* [CP] Embed Pods Frameworks */ = {
			isa = PBXShellScriptBuildPhase;
			buildActionMask = 2147483647;
			files = (
			);
			inputPaths = (
			);
			name = "[CP] Embed Pods Frameworks";
			outputPaths = (
			);
			runOnlyForDeploymentPostprocessing = 0;
			shellPath = /bin/sh;
			shellScript = "\"${SRCROOT}/Pods/Target Support Files/Pods-MovieFanTests/Pods-MovieFanTests-frameworks.sh\"\n";
			showEnvVarsInLog = 0;
		};
		C3DFB1905778F27F4DAA0797 /* [CP] Copy Pods Resources */ = {
			isa = PBXShellScriptBuildPhase;
			buildActionMask = 2147483647;
			files = (
			);
			inputPaths = (
			);
			name = "[CP] Copy Pods Resources";
			outputPaths = (
			);
			runOnlyForDeploymentPostprocessing = 0;
			shellPath = /bin/sh;
			shellScript = "\"${SRCROOT}/Pods/Target Support Files/Pods-MovieFan/Pods-MovieFan-resources.sh\"\n";
			showEnvVarsInLog = 0;
		};
		E47DE410A43BD55FD2B61FF4 /* [CP] Check Pods Manifest.lock */ = {
			isa = PBXShellScriptBuildPhase;
			buildActionMask = 2147483647;
			files = (
			);
			inputPaths = (
			);
			name = "[CP] Check Pods Manifest.lock";
			outputPaths = (
			);
			runOnlyForDeploymentPostprocessing = 0;
			shellPath = /bin/sh;
			shellScript = "diff \"${PODS_PODFILE_DIR_PATH}/Podfile.lock\" \"${PODS_ROOT}/Manifest.lock\" > /dev/null\nif [ $? != 0 ] ; then\n    # print error to STDERR\n    echo \"error: The sandbox is not in sync with the Podfile.lock. Run 'pod install' or update your CocoaPods installation.\" >&2\n    exit 1\nfi\n";
			showEnvVarsInLog = 0;
		};
/* End PBXShellScriptBuildPhase section */

/* Begin PBXSourcesBuildPhase section */
		67B881751EACC4C300D87FF6 /* Sources */ = {
			isa = PBXSourcesBuildPhase;
			buildActionMask = 2147483647;
			files = (
				67D06D211EAF16DB00B91A86 /* WHMostRecentMovies.m in Sources */,
				67D06D241EAF212B00B91A86 /* WHMostRecentInteractor.m in Sources */,
				67D06D1E1EAF136E00B91A86 /* WHCelebrity.m in Sources */,
				67D06D271EAF22BD00B91A86 /* NSArray+HOM.m in Sources */,
				67D06D0A1EADF72600B91A86 /* WHMostRecentViewController.m in Sources */,
				67D06D151EAEF9FC00B91A86 /* WHRanking.m in Sources */,
				67D06D181EAF0EAC00B91A86 /* WHImages.m in Sources */,
				67B881871EACC4C300D87FF6 /* SecondViewController.m in Sources */,
				67D06CF61EADEE2A00B91A86 /* WHRootWireframe.m in Sources */,
				67D06CFF1EADF1DA00B91A86 /* WHAppDelegate.m in Sources */,
				67B8817E1EACC4C300D87FF6 /* main.m in Sources */,
				67D06D001EADF1DA00B91A86 /* WHAppDependencies.m in Sources */,
				67D06D071EADF48300B91A86 /* WHMostRecentPresenter.m in Sources */,
				676159771EB090B20022FC54 /* WHMovieComingSoonRequest.m in Sources */,
				67D06D0F1EADFCEB00B91A86 /* WHMostRecentDataManager.m in Sources */,
				67D06D1B1EAF113000B91A86 /* WHMovieSubject.m in Sources */,
				67D06D041EADF42900B91A86 /* WHMostRecentWireframe.m in Sources */,
				67D06D331EAF4A4300B91A86 /* WHMovieSubjectCell.m in Sources */,
				67D06D2C1EAF251A00B91A86 /* WHRealmDataStore.m in Sources */,
				67D06D121EAEE8C200B91A86 /* WHMovieInThreaterRequest.m in Sources */,
			);
			runOnlyForDeploymentPostprocessing = 0;
		};
		67B881911EACC4C300D87FF6 /* Sources */ = {
			isa = PBXSourcesBuildPhase;
			buildActionMask = 2147483647;
			files = (
				67B8819A1EACC4C300D87FF6 /* MovieFanTests.m in Sources */,
			);
			runOnlyForDeploymentPostprocessing = 0;
		};
		67B8819C1EACC4C300D87FF6 /* Sources */ = {
			isa = PBXSourcesBuildPhase;
			buildActionMask = 2147483647;
			files = (
				67B881A51EACC4C300D87FF6 /* MovieFanUITests.m in Sources */,
			);
			runOnlyForDeploymentPostprocessing = 0;
		};
/* End PBXSourcesBuildPhase section */

/* Begin PBXTargetDependency section */
		67B881971EACC4C300D87FF6 /* PBXTargetDependency */ = {
			isa = PBXTargetDependency;
			target = 67B881781EACC4C300D87FF6 /* MovieFan */;
			targetProxy = 67B881961EACC4C300D87FF6 /* PBXContainerItemProxy */;
		};
		67B881A21EACC4C300D87FF6 /* PBXTargetDependency */ = {
			isa = PBXTargetDependency;
			target = 67B881781EACC4C300D87FF6 /* MovieFan */;
			targetProxy = 67B881A11EACC4C300D87FF6 /* PBXContainerItemProxy */;
		};
/* End PBXTargetDependency section */

/* Begin PBXVariantGroup section */
		67B881881EACC4C300D87FF6 /* Main.storyboard */ = {
			isa = PBXVariantGroup;
			children = (
				67B881891EACC4C300D87FF6 /* Base */,
			);
			name = Main.storyboard;
			sourceTree = "<group>";
		};
		67B8818D1EACC4C300D87FF6 /* LaunchScreen.storyboard */ = {
			isa = PBXVariantGroup;
			children = (
				67B8818E1EACC4C300D87FF6 /* Base */,
			);
			name = LaunchScreen.storyboard;
			sourceTree = "<group>";
		};
/* End PBXVariantGroup section */

/* Begin XCBuildConfiguration section */
		67B881A71EACC4C300D87FF6 /* Debug */ = {
			isa = XCBuildConfiguration;
			buildSettings = {
				ALWAYS_SEARCH_USER_PATHS = NO;
				CLANG_ANALYZER_NONNULL = YES;
				CLANG_CXX_LANGUAGE_STANDARD = "gnu++0x";
				CLANG_CXX_LIBRARY = "libc++";
				CLANG_ENABLE_MODULES = YES;
				CLANG_ENABLE_OBJC_ARC = YES;
				CLANG_WARN_BOOL_CONVERSION = YES;
				CLANG_WARN_CONSTANT_CONVERSION = YES;
				CLANG_WARN_DIRECT_OBJC_ISA_USAGE = YES_ERROR;
				CLANG_WARN_DOCUMENTATION_COMMENTS = YES;
				CLANG_WARN_EMPTY_BODY = YES;
				CLANG_WARN_ENUM_CONVERSION = YES;
				CLANG_WARN_INFINITE_RECURSION = YES;
				CLANG_WARN_INT_CONVERSION = YES;
				CLANG_WARN_OBJC_ROOT_CLASS = YES_ERROR;
				CLANG_WARN_SUSPICIOUS_MOVE = YES;
				CLANG_WARN_UNREACHABLE_CODE = YES;
				CLANG_WARN__DUPLICATE_METHOD_MATCH = YES;
				"CODE_SIGN_IDENTITY[sdk=iphoneos*]" = "iPhone Developer";
				COPY_PHASE_STRIP = NO;
				DEBUG_INFORMATION_FORMAT = dwarf;
				ENABLE_STRICT_OBJC_MSGSEND = YES;
				ENABLE_TESTABILITY = YES;
				GCC_C_LANGUAGE_STANDARD = gnu99;
				GCC_DYNAMIC_NO_PIC = NO;
				GCC_NO_COMMON_BLOCKS = YES;
				GCC_OPTIMIZATION_LEVEL = 0;
				GCC_PREPROCESSOR_DEFINITIONS = (
					"DEBUG=1",
					"$(inherited)",
				);
				GCC_WARN_64_TO_32_BIT_CONVERSION = YES;
				GCC_WARN_ABOUT_RETURN_TYPE = YES_ERROR;
				GCC_WARN_UNDECLARED_SELECTOR = YES;
				GCC_WARN_UNINITIALIZED_AUTOS = YES_AGGRESSIVE;
				GCC_WARN_UNUSED_FUNCTION = YES;
				GCC_WARN_UNUSED_VARIABLE = YES;
				IPHONEOS_DEPLOYMENT_TARGET = 10.2;
				MTL_ENABLE_DEBUG_INFO = YES;
				ONLY_ACTIVE_ARCH = YES;
				SDKROOT = iphoneos;
			};
			name = Debug;
		};
		67B881A81EACC4C300D87FF6 /* Release */ = {
			isa = XCBuildConfiguration;
			buildSettings = {
				ALWAYS_SEARCH_USER_PATHS = NO;
				CLANG_ANALYZER_NONNULL = YES;
				CLANG_CXX_LANGUAGE_STANDARD = "gnu++0x";
				CLANG_CXX_LIBRARY = "libc++";
				CLANG_ENABLE_MODULES = YES;
				CLANG_ENABLE_OBJC_ARC = YES;
				CLANG_WARN_BOOL_CONVERSION = YES;
				CLANG_WARN_CONSTANT_CONVERSION = YES;
				CLANG_WARN_DIRECT_OBJC_ISA_USAGE = YES_ERROR;
				CLANG_WARN_DOCUMENTATION_COMMENTS = YES;
				CLANG_WARN_EMPTY_BODY = YES;
				CLANG_WARN_ENUM_CONVERSION = YES;
				CLANG_WARN_INFINITE_RECURSION = YES;
				CLANG_WARN_INT_CONVERSION = YES;
				CLANG_WARN_OBJC_ROOT_CLASS = YES_ERROR;
				CLANG_WARN_SUSPICIOUS_MOVE = YES;
				CLANG_WARN_UNREACHABLE_CODE = YES;
				CLANG_WARN__DUPLICATE_METHOD_MATCH = YES;
				"CODE_SIGN_IDENTITY[sdk=iphoneos*]" = "iPhone Developer";
				COPY_PHASE_STRIP = NO;
				DEBUG_INFORMATION_FORMAT = "dwarf-with-dsym";
				ENABLE_NS_ASSERTIONS = NO;
				ENABLE_STRICT_OBJC_MSGSEND = YES;
				GCC_C_LANGUAGE_STANDARD = gnu99;
				GCC_NO_COMMON_BLOCKS = YES;
				GCC_WARN_64_TO_32_BIT_CONVERSION = YES;
				GCC_WARN_ABOUT_RETURN_TYPE = YES_ERROR;
				GCC_WARN_UNDECLARED_SELECTOR = YES;
				GCC_WARN_UNINITIALIZED_AUTOS = YES_AGGRESSIVE;
				GCC_WARN_UNUSED_FUNCTION = YES;
				GCC_WARN_UNUSED_VARIABLE = YES;
				IPHONEOS_DEPLOYMENT_TARGET = 10.2;
				MTL_ENABLE_DEBUG_INFO = NO;
				SDKROOT = iphoneos;
				VALIDATE_PRODUCT = YES;
			};
			name = Release;
		};
		67B881AA1EACC4C300D87FF6 /* Debug */ = {
			isa = XCBuildConfiguration;
			baseConfigurationReference = 1547A848EE38F36443002FB1 /* Pods-MovieFan.debug.xcconfig */;
			buildSettings = {
				ASSETCATALOG_COMPILER_APPICON_NAME = AppIcon;
				DEVELOPMENT_TEAM = 777LHWYBNZ;
				GCC_PREFIX_HEADER = "MovieFan/MovieFan-Prefix.pch";
				INFOPLIST_FILE = "MovieFan/MovieFan-Info.plist";
				LD_RUNPATH_SEARCH_PATHS = "$(inherited) @executable_path/Frameworks";
				PRODUCT_BUNDLE_IDENTIFIER = com.cmcc.MovieFan;
				PRODUCT_NAME = "$(TARGET_NAME)";
			};
			name = Debug;
		};
		67B881AB1EACC4C300D87FF6 /* Release */ = {
			isa = XCBuildConfiguration;
			baseConfigurationReference = E96EAA67AADC0A0F05B586DA /* Pods-MovieFan.release.xcconfig */;
			buildSettings = {
				ASSETCATALOG_COMPILER_APPICON_NAME = AppIcon;
				DEVELOPMENT_TEAM = 777LHWYBNZ;
				GCC_PREFIX_HEADER = "MovieFan/MovieFan-Prefix.pch";
				INFOPLIST_FILE = "MovieFan/MovieFan-Info.plist";
				LD_RUNPATH_SEARCH_PATHS = "$(inherited) @executable_path/Frameworks";
				PRODUCT_BUNDLE_IDENTIFIER = com.cmcc.MovieFan;
				PRODUCT_NAME = "$(TARGET_NAME)";
			};
			name = Release;
		};
		67B881AD1EACC4C300D87FF6 /* Debug */ = {
			isa = XCBuildConfiguration;
			baseConfigurationReference = DB6A1A85099D650474CF52BD /* Pods-MovieFanTests.debug.xcconfig */;
			buildSettings = {
				BUNDLE_LOADER = "$(TEST_HOST)";
				DEVELOPMENT_TEAM = 777LHWYBNZ;
				INFOPLIST_FILE = MovieFanTests/Info.plist;
				LD_RUNPATH_SEARCH_PATHS = "$(inherited) @executable_path/Frameworks @loader_path/Frameworks";
				PRODUCT_BUNDLE_IDENTIFIER = com.cmcc.MovieFanTests;
				PRODUCT_NAME = "$(TARGET_NAME)";
				TEST_HOST = "$(BUILT_PRODUCTS_DIR)/MovieFan.app/MovieFan";
			};
			name = Debug;
		};
		67B881AE1EACC4C300D87FF6 /* Release */ = {
			isa = XCBuildConfiguration;
			baseConfigurationReference = A79DDD078DA2FF404978966E /* Pods-MovieFanTests.release.xcconfig */;
			buildSettings = {
				BUNDLE_LOADER = "$(TEST_HOST)";
				DEVELOPMENT_TEAM = 777LHWYBNZ;
				INFOPLIST_FILE = MovieFanTests/Info.plist;
				LD_RUNPATH_SEARCH_PATHS = "$(inherited) @executable_path/Frameworks @loader_path/Frameworks";
				PRODUCT_BUNDLE_IDENTIFIER = com.cmcc.MovieFanTests;
				PRODUCT_NAME = "$(TARGET_NAME)";
				TEST_HOST = "$(BUILT_PRODUCTS_DIR)/MovieFan.app/MovieFan";
			};
			name = Release;
		};
		67B881B01EACC4C300D87FF6 /* Debug */ = {
			isa = XCBuildConfiguration;
			baseConfigurationReference = 9AE8898E79060F9A6B09A216 /* Pods-MovieFanUITests.debug.xcconfig */;
			buildSettings = {
				DEVELOPMENT_TEAM = 777LHWYBNZ;
				INFOPLIST_FILE = MovieFanUITests/Info.plist;
				LD_RUNPATH_SEARCH_PATHS = "$(inherited) @executable_path/Frameworks @loader_path/Frameworks";
				PRODUCT_BUNDLE_IDENTIFIER = com.cmcc.MovieFanUITests;
				PRODUCT_NAME = "$(TARGET_NAME)";
				TEST_TARGET_NAME = MovieFan;
			};
			name = Debug;
		};
		67B881B11EACC4C300D87FF6 /* Release */ = {
			isa = XCBuildConfiguration;
			baseConfigurationReference = 46CCDE1589EEB52C31E59A34 /* Pods-MovieFanUITests.release.xcconfig */;
			buildSettings = {
				DEVELOPMENT_TEAM = 777LHWYBNZ;
				INFOPLIST_FILE = MovieFanUITests/Info.plist;
				LD_RUNPATH_SEARCH_PATHS = "$(inherited) @executable_path/Frameworks @loader_path/Frameworks";
				PRODUCT_BUNDLE_IDENTIFIER = com.cmcc.MovieFanUITests;
				PRODUCT_NAME = "$(TARGET_NAME)";
				TEST_TARGET_NAME = MovieFan;
			};
			name = Release;
		};
/* End XCBuildConfiguration section */

/* Begin XCConfigurationList section */
		67B881741EACC4C300D87FF6 /* Build configuration list for PBXProject "MovieFan" */ = {
			isa = XCConfigurationList;
			buildConfigurations = (
				67B881A71EACC4C300D87FF6 /* Debug */,
				67B881A81EACC4C300D87FF6 /* Release */,
			);
			defaultConfigurationIsVisible = 0;
			defaultConfigurationName = Release;
		};
		67B881A91EACC4C300D87FF6 /* Build configuration list for PBXNativeTarget "MovieFan" */ = {
			isa = XCConfigurationList;
			buildConfigurations = (
				67B881AA1EACC4C300D87FF6 /* Debug */,
				67B881AB1EACC4C300D87FF6 /* Release */,
			);
			defaultConfigurationIsVisible = 0;
			defaultConfigurationName = Release;
		};
		67B881AC1EACC4C300D87FF6 /* Build configuration list for PBXNativeTarget "MovieFanTests" */ = {
			isa = XCConfigurationList;
			buildConfigurations = (
				67B881AD1EACC4C300D87FF6 /* Debug */,
				67B881AE1EACC4C300D87FF6 /* Release */,
			);
			defaultConfigurationIsVisible = 0;
			defaultConfigurationName = Release;
		};
		67B881AF1EACC4C300D87FF6 /* Build configuration list for PBXNativeTarget "MovieFanUITests" */ = {
			isa = XCConfigurationList;
			buildConfigurations = (
				67B881B01EACC4C300D87FF6 /* Debug */,
				67B881B11EACC4C300D87FF6 /* Release */,
			);
			defaultConfigurationIsVisible = 0;
			defaultConfigurationName = Release;
		};
/* End XCConfigurationList section */
	};
	rootObject = 67B881711EACC4C300D87FF6 /* Project object */;
}
